
Microsoft Visual Studio Solution File, Format Version 12.00
# Visual Studio Version 16
VisualStudioVersion = 25.0.1706.7
MinimumVisualStudioVersion = 10.0.40219.1
Project("{FAE04EC0-301F-11D3-BF4B-00C04F79EFBC}") = "Code Academy Space Booking System", "Code Academy Space Booking System\Code Academy Space Booking System.csproj", "{1F3F1B57-A537-4067-BD52-C46EFA110132}"
EndProject
Global
	GlobalSection(SolutionConfigurationPlatforms) = preSolution
		Debug|Any CPU = Debug|Any CPU
		Release|Any CPU = Release|Any CPU
	EndGlobalSection
	GlobalSection(ProjectConfigurationPlatforms) = postSolution
		{1F3F1B57-A537-4067-BD52-C46EFA110132}.Debug|Any CPU.ActiveCfg = Debug|Any CPU
		{1F3F1B57-A537-4067-BD52-C46EFA110132}.Debug|Any CPU.Build.0 = Debug|Any CPU
		{1F3F1B57-A537-4067-BD52-C46EFA110132}.Release|Any CPU.ActiveCfg = Release|Any CPU
		{1F3F1B57-A537-4067-BD52-C46EFA110132}.Release|Any CPU.Build.0 = Release|Any CPU
	EndGlobalSection
	GlobalSection(SolutionProperties) = preSolution
		HideSolutionNode = FALSE
	EndGlobalSection
	GlobalSection(ExtensibilityGlobals) = postSolution
		SolutionGuid = {2B8A3A4A-0E08-4647-BD56-69CD4F04BAAC}
	EndGlobalSection
EndGlobal
